
Microsoft Visual Studio Solution File, Format Version 12.00
# Visual Studio Version 17
VisualStudioVersion = 17.4.33213.308
MinimumVisualStudioVersion = 10.0.40219.1
Project("{9A19103F-16F7-4668-BE54-9A1E7A4F7556}") = "WSAlumno", "WSAlumno\WSAlumno.csproj", "{6AAD2937-9986-47A7-B7A8-A00473D4EA3A}"
EndProject
Project("{FAE04EC0-301F-11D3-BF4B-00C04F79EFBC}") = "WebApiLibros", "WebApiLibros\WebApiLibros.csproj", "{FB48E4D6-2451-4905-A705-9AE064AD4311}"
EndProject
Global
	GlobalSection(SolutionConfigurationPlatforms) = preSolution
		Debug|Any CPU = Debug|Any CPU
		Release|Any CPU = Release|Any CPU
	EndGlobalSection
	GlobalSection(ProjectConfigurationPlatforms) = postSolution
		{6AAD2937-9986-47A7-B7A8-A00473D4EA3A}.Debug|Any CPU.ActiveCfg = Debug|Any CPU
		{6AAD2937-9986-47A7-B7A8-A00473D4EA3A}.Debug|Any CPU.Build.0 = Debug|Any CPU
		{6AAD2937-9986-47A7-B7A8-A00473D4EA3A}.Release|Any CPU.ActiveCfg = Release|Any CPU
		{6AAD2937-9986-47A7-B7A8-A00473D4EA3A}.Release|Any CPU.Build.0 = Release|Any CPU
		{FB48E4D6-2451-4905-A705-9AE064AD4311}.Debug|Any CPU.ActiveCfg = Debug|Any CPU
		{FB48E4D6-2451-4905-A705-9AE064AD4311}.Debug|Any CPU.Build.0 = Debug|Any CPU
		{FB48E4D6-2451-4905-A705-9AE064AD4311}.Release|Any CPU.ActiveCfg = Release|Any CPU
		{FB48E4D6-2451-4905-A705-9AE064AD4311}.Release|Any CPU.Build.0 = Release|Any CPU
	EndGlobalSection
	GlobalSection(SolutionProperties) = preSolution
		HideSolutionNode = FALSE
	EndGlobalSection
	GlobalSection(ExtensibilityGlobals) = postSolution
		SolutionGuid = {3BDEE35C-EAD1-46EF-984F-14B114ECE221}
	EndGlobalSection
EndGlobal
